
Microsoft Visual Studio Solution File, Format Version 12.00
# Visual Studio Version 17
VisualStudioVersion = 17.2.32526.322
MinimumVisualStudioVersion = 10.0.40219.1
Project("{FAE04EC0-301F-11D3-BF4B-00C04F79EFBC}") = "goods_counting", "goods_counting.csproj", "{D59A0B62-1106-43C4-ABD8-B364F7EEB3A5}"
EndProject
Global
	GlobalSection(SolutionConfigurationPlatforms) = preSolution
		Debug|Any CPU = Debug|Any CPU
		Release|Any CPU = Release|Any CPU
	EndGlobalSection
	GlobalSection(ProjectConfigurationPlatforms) = postSolution
		{D59A0B62-1106-43C4-ABD8-B364F7EEB3A5}.Debug|Any CPU.ActiveCfg = Debug|Any CPU
		{D59A0B62-1106-43C4-ABD8-B364F7EEB3A5}.Debug|Any CPU.Build.0 = Debug|Any CPU
		{D59A0B62-1106-43C4-ABD8-B364F7EEB3A5}.Release|Any CPU.ActiveCfg = Release|Any CPU
		{D59A0B62-1106-43C4-ABD8-B364F7EEB3A5}.Release|Any CPU.Build.0 = Release|Any CPU
	EndGlobalSection
	GlobalSection(SolutionProperties) = preSolution
		HideSolutionNode = FALSE
	EndGlobalSection
	GlobalSection(ExtensibilityGlobals) = postSolution
		SolutionGuid = {A9A7C14F-AA73-428E-8638-234E7BDABFE2}
	EndGlobalSection
EndGlobal
